
Microsoft Visual Studio Solution File, Format Version 12.00
# Visual Studio Version 16
VisualStudioVersion = 16.0.30225.117
MinimumVisualStudioVersion = 10.0.40219.1
Project("{FAE04EC0-301F-11D3-BF4B-00C04F79EFBC}") = "Exercice02", "Exercice02\Exercice02.csproj", "{A913E238-1767-4C38-9DF4-E11AE194A839}"
EndProject
Global
	GlobalSection(SolutionConfigurationPlatforms) = preSolution
		Debug|Any CPU = Debug|Any CPU
		Release|Any CPU = Release|Any CPU
	EndGlobalSection
	GlobalSection(ProjectConfigurationPlatforms) = postSolution
		{A913E238-1767-4C38-9DF4-E11AE194A839}.Debug|Any CPU.ActiveCfg = Debug|Any CPU
		{A913E238-1767-4C38-9DF4-E11AE194A839}.Debug|Any CPU.Build.0 = Debug|Any CPU
		{A913E238-1767-4C38-9DF4-E11AE194A839}.Release|Any CPU.ActiveCfg = Release|Any CPU
		{A913E238-1767-4C38-9DF4-E11AE194A839}.Release|Any CPU.Build.0 = Release|Any CPU
	EndGlobalSection
	GlobalSection(SolutionProperties) = preSolution
		HideSolutionNode = FALSE
	EndGlobalSection
	GlobalSection(ExtensibilityGlobals) = postSolution
		SolutionGuid = {B2AAC721-6AC1-4FFF-B37E-E86BA34949DE}
	EndGlobalSection
EndGlobal
